
Microsoft Visual Studio Solution File, Format Version 12.00
# Visual Studio Version 17
VisualStudioVersion = 17.1.32319.34
MinimumVisualStudioVersion = 10.0.40219.1
Project("{FAE04EC0-301F-11D3-BF4B-00C04F79EFBC}") = "TestField", "TestField\TestField.csproj", "{DC8AFFB4-7C17-47BC-A7A9-498CA0F40A7A}"
EndProject
Global
	GlobalSection(SolutionConfigurationPlatforms) = preSolution
		Debug|Any CPU = Debug|Any CPU
		Release|Any CPU = Release|Any CPU
	EndGlobalSection
	GlobalSection(ProjectConfigurationPlatforms) = postSolution
		{DC8AFFB4-7C17-47BC-A7A9-498CA0F40A7A}.Debug|Any CPU.ActiveCfg = Debug|Any CPU
		{DC8AFFB4-7C17-47BC-A7A9-498CA0F40A7A}.Debug|Any CPU.Build.0 = Debug|Any CPU
		{DC8AFFB4-7C17-47BC-A7A9-498CA0F40A7A}.Release|Any CPU.ActiveCfg = Release|Any CPU
		{DC8AFFB4-7C17-47BC-A7A9-498CA0F40A7A}.Release|Any CPU.Build.0 = Release|Any CPU
	EndGlobalSection
	GlobalSection(SolutionProperties) = preSolution
		HideSolutionNode = FALSE
	EndGlobalSection
	GlobalSection(ExtensibilityGlobals) = postSolution
		SolutionGuid = {BFD21F24-0BC5-4BC1-8311-9CC019A975DB}
	EndGlobalSection
EndGlobal
